
Microsoft Visual Studio Solution File, Format Version 12.00
# Visual Studio Version 17
VisualStudioVersion = 17.0.31903.59
MinimumVisualStudioVersion = 10.0.40219.1
Project("{FAE04EC0-301F-11D3-BF4B-00C04F79EFBC}") = "Memento", "Memento\Memento.csproj", "{503CFB46-23CA-4467-A96B-DE2ED436DDA0}"
EndProject
Project("{FAE04EC0-301F-11D3-BF4B-00C04F79EFBC}") = "StateVendingMachine", "StateVendingMachine\StateVendingMachine.csproj", "{B71496D5-7EAC-4992-B4E2-1D311A8F8C17}"
EndProject
Project("{FAE04EC0-301F-11D3-BF4B-00C04F79EFBC}") = "StratergyPattern", "StratergyPattern\StratergyPattern.csproj", "{C5DF0AE9-1C70-4083-B984-EE3AD131DBEC}"
EndProject
Project("{FAE04EC0-301F-11D3-BF4B-00C04F79EFBC}") = "CommandPattern", "CommandPattern\CommandPattern.csproj", "{E6CB70D4-4FEB-4BCB-93F8-5635B3A67453}"
EndProject
Project("{FAE04EC0-301F-11D3-BF4B-00C04F79EFBC}") = "TemplatePattern", "TemplatePattern\TemplatePattern.csproj", "{532A8E54-A070-42BC-87AB-EF87BE3A9AE2}"
EndProject
Project("{FAE04EC0-301F-11D3-BF4B-00C04F79EFBC}") = "ObserverPattern", "ObserverPattern\ObserverPattern.csproj", "{5083E639-F0DE-4D00-AD69-070CB7B0C4A1}"
EndProject
Project("{FAE04EC0-301F-11D3-BF4B-00C04F79EFBC}") = "MediatorPattern", "MediatorPattern\MediatorPattern.csproj", "{B8E3854F-FDF6-49E9-A69F-9CFC4DCCB2D2}"
EndProject
Project("{FAE04EC0-301F-11D3-BF4B-00C04F79EFBC}") = "ChainPattern", "ChainPattern\ChainPattern.csproj", "{A3D2A8A4-ACBF-4230-A709-A7DBE3090CFB}"
EndProject
Project("{FAE04EC0-301F-11D3-BF4B-00C04F79EFBC}") = "VisitorPattern", "VisitorPattern\VisitorPattern.csproj", "{163239A8-95E7-4477-92FC-3D19D709332F}"
EndProject
Global
	GlobalSection(SolutionConfigurationPlatforms) = preSolution
		Debug|Any CPU = Debug|Any CPU
		Release|Any CPU = Release|Any CPU
	EndGlobalSection
	GlobalSection(SolutionProperties) = preSolution
		HideSolutionNode = FALSE
	EndGlobalSection
	GlobalSection(ProjectConfigurationPlatforms) = postSolution
		{C5DF0AE9-1C70-4083-B984-EE3AD131DBEC}.Debug|Any CPU.ActiveCfg = Debug|Any CPU
		{C5DF0AE9-1C70-4083-B984-EE3AD131DBEC}.Debug|Any CPU.Build.0 = Debug|Any CPU
		{C5DF0AE9-1C70-4083-B984-EE3AD131DBEC}.Release|Any CPU.ActiveCfg = Release|Any CPU
		{C5DF0AE9-1C70-4083-B984-EE3AD131DBEC}.Release|Any CPU.Build.0 = Release|Any CPU
		{E6CB70D4-4FEB-4BCB-93F8-5635B3A67453}.Debug|Any CPU.ActiveCfg = Debug|Any CPU
		{E6CB70D4-4FEB-4BCB-93F8-5635B3A67453}.Debug|Any CPU.Build.0 = Debug|Any CPU
		{E6CB70D4-4FEB-4BCB-93F8-5635B3A67453}.Release|Any CPU.ActiveCfg = Release|Any CPU
		{E6CB70D4-4FEB-4BCB-93F8-5635B3A67453}.Release|Any CPU.Build.0 = Release|Any CPU
		{532A8E54-A070-42BC-87AB-EF87BE3A9AE2}.Debug|Any CPU.ActiveCfg = Debug|Any CPU
		{532A8E54-A070-42BC-87AB-EF87BE3A9AE2}.Debug|Any CPU.Build.0 = Debug|Any CPU
		{532A8E54-A070-42BC-87AB-EF87BE3A9AE2}.Release|Any CPU.ActiveCfg = Release|Any CPU
		{532A8E54-A070-42BC-87AB-EF87BE3A9AE2}.Release|Any CPU.Build.0 = Release|Any CPU
		{5083E639-F0DE-4D00-AD69-070CB7B0C4A1}.Debug|Any CPU.ActiveCfg = Debug|Any CPU
		{5083E639-F0DE-4D00-AD69-070CB7B0C4A1}.Debug|Any CPU.Build.0 = Debug|Any CPU
		{5083E639-F0DE-4D00-AD69-070CB7B0C4A1}.Release|Any CPU.ActiveCfg = Release|Any CPU
		{5083E639-F0DE-4D00-AD69-070CB7B0C4A1}.Release|Any CPU.Build.0 = Release|Any CPU
		{B8E3854F-FDF6-49E9-A69F-9CFC4DCCB2D2}.Debug|Any CPU.ActiveCfg = Debug|Any CPU
		{B8E3854F-FDF6-49E9-A69F-9CFC4DCCB2D2}.Debug|Any CPU.Build.0 = Debug|Any CPU
		{B8E3854F-FDF6-49E9-A69F-9CFC4DCCB2D2}.Release|Any CPU.ActiveCfg = Release|Any CPU
		{B8E3854F-FDF6-49E9-A69F-9CFC4DCCB2D2}.Release|Any CPU.Build.0 = Release|Any CPU
		{A3D2A8A4-ACBF-4230-A709-A7DBE3090CFB}.Debug|Any CPU.ActiveCfg = Debug|Any CPU
		{A3D2A8A4-ACBF-4230-A709-A7DBE3090CFB}.Debug|Any CPU.Build.0 = Debug|Any CPU
		{A3D2A8A4-ACBF-4230-A709-A7DBE3090CFB}.Release|Any CPU.ActiveCfg = Release|Any CPU
		{A3D2A8A4-ACBF-4230-A709-A7DBE3090CFB}.Release|Any CPU.Build.0 = Release|Any CPU
		{163239A8-95E7-4477-92FC-3D19D709332F}.Debug|Any CPU.ActiveCfg = Debug|Any CPU
		{163239A8-95E7-4477-92FC-3D19D709332F}.Debug|Any CPU.Build.0 = Debug|Any CPU
		{163239A8-95E7-4477-92FC-3D19D709332F}.Release|Any CPU.ActiveCfg = Release|Any CPU
		{163239A8-95E7-4477-92FC-3D19D709332F}.Release|Any CPU.Build.0 = Release|Any CPU
	EndGlobalSection
EndGlobal
